
Microsoft Visual Studio Solution File, Format Version 12.00
# Visual Studio Version 16
VisualStudioVersion = 16.0.31515.178
MinimumVisualStudioVersion = 10.0.40219.1
Project("{FAE04EC0-301F-11D3-BF4B-00C04F79EFBC}") = "StudentInfoSys", "StudentInfoSys\StudentInfoSys.csproj", "{2CEA3605-9F52-4764-A6AE-FE2B32C5196C}"
EndProject
Project("{FAE04EC0-301F-11D3-BF4B-00C04F79EFBC}") = "BusinessLayer", "BusinessLayer\BusinessLayer.csproj", "{A6D71B17-3E25-48C7-B638-05E09C53692E}"
EndProject
Project("{FAE04EC0-301F-11D3-BF4B-00C04F79EFBC}") = "DataAccessLayer", "DataAccessLayer\DataAccessLayer.csproj", "{F70E3EE1-1B81-49E0-9542-03F30B632531}"
EndProject
Project("{FAE04EC0-301F-11D3-BF4B-00C04F79EFBC}") = "EntitiyLayer", "EntitiyLayer\EntitiyLayer.csproj", "{91FA2078-1E9C-4B75-BB5C-91A768870AEE}"
EndProject
Project("{FAE04EC0-301F-11D3-BF4B-00C04F79EFBC}") = "ModelLayer", "ModelLayer\ModelLayer.csproj", "{CA733ED3-498F-4495-AE1C-6CCF584B3556}"
EndProject
Global
	GlobalSection(SolutionConfigurationPlatforms) = preSolution
		Debug|Any CPU = Debug|Any CPU
		Release|Any CPU = Release|Any CPU
	EndGlobalSection
	GlobalSection(ProjectConfigurationPlatforms) = postSolution
		{2CEA3605-9F52-4764-A6AE-FE2B32C5196C}.Debug|Any CPU.ActiveCfg = Debug|Any CPU
		{2CEA3605-9F52-4764-A6AE-FE2B32C5196C}.Debug|Any CPU.Build.0 = Debug|Any CPU
		{2CEA3605-9F52-4764-A6AE-FE2B32C5196C}.Release|Any CPU.ActiveCfg = Release|Any CPU
		{2CEA3605-9F52-4764-A6AE-FE2B32C5196C}.Release|Any CPU.Build.0 = Release|Any CPU
		{A6D71B17-3E25-48C7-B638-05E09C53692E}.Debug|Any CPU.ActiveCfg = Debug|Any CPU
		{A6D71B17-3E25-48C7-B638-05E09C53692E}.Debug|Any CPU.Build.0 = Debug|Any CPU
		{A6D71B17-3E25-48C7-B638-05E09C53692E}.Release|Any CPU.ActiveCfg = Release|Any CPU
		{A6D71B17-3E25-48C7-B638-05E09C53692E}.Release|Any CPU.Build.0 = Release|Any CPU
		{F70E3EE1-1B81-49E0-9542-03F30B632531}.Debug|Any CPU.ActiveCfg = Debug|Any CPU
		{F70E3EE1-1B81-49E0-9542-03F30B632531}.Debug|Any CPU.Build.0 = Debug|Any CPU
		{F70E3EE1-1B81-49E0-9542-03F30B632531}.Release|Any CPU.ActiveCfg = Release|Any CPU
		{F70E3EE1-1B81-49E0-9542-03F30B632531}.Release|Any CPU.Build.0 = Release|Any CPU
		{91FA2078-1E9C-4B75-BB5C-91A768870AEE}.Debug|Any CPU.ActiveCfg = Debug|Any CPU
		{91FA2078-1E9C-4B75-BB5C-91A768870AEE}.Debug|Any CPU.Build.0 = Debug|Any CPU
		{91FA2078-1E9C-4B75-BB5C-91A768870AEE}.Release|Any CPU.ActiveCfg = Release|Any CPU
		{91FA2078-1E9C-4B75-BB5C-91A768870AEE}.Release|Any CPU.Build.0 = Release|Any CPU
		{CA733ED3-498F-4495-AE1C-6CCF584B3556}.Debug|Any CPU.ActiveCfg = Debug|Any CPU
		{CA733ED3-498F-4495-AE1C-6CCF584B3556}.Debug|Any CPU.Build.0 = Debug|Any CPU
		{CA733ED3-498F-4495-AE1C-6CCF584B3556}.Release|Any CPU.ActiveCfg = Release|Any CPU
		{CA733ED3-498F-4495-AE1C-6CCF584B3556}.Release|Any CPU.Build.0 = Release|Any CPU
	EndGlobalSection
	GlobalSection(SolutionProperties) = preSolution
		HideSolutionNode = FALSE
	EndGlobalSection
	GlobalSection(ExtensibilityGlobals) = postSolution
		SolutionGuid = {FDF95185-9FA4-43F7-95B9-A167F4CCF49F}
	EndGlobalSection
EndGlobal
